
Microsoft Visual Studio Solution File, Format Version 12.00
# Visual Studio Version 16
VisualStudioVersion = 16.0.31313.79
MinimumVisualStudioVersion = 10.0.40219.1
Project("{FAE04EC0-301F-11D3-BF4B-00C04F79EFBC}") = "HotelListing", "HotelListing\HotelListing.csproj", "{DAA9D639-B2ED-4C7A-B03D-066C8A25CA8E}"
EndProject
Global
	GlobalSection(SolutionConfigurationPlatforms) = preSolution
		Debug|Any CPU = Debug|Any CPU
		Release|Any CPU = Release|Any CPU
	EndGlobalSection
	GlobalSection(ProjectConfigurationPlatforms) = postSolution
		{DAA9D639-B2ED-4C7A-B03D-066C8A25CA8E}.Debug|Any CPU.ActiveCfg = Debug|Any CPU
		{DAA9D639-B2ED-4C7A-B03D-066C8A25CA8E}.Debug|Any CPU.Build.0 = Debug|Any CPU
		{DAA9D639-B2ED-4C7A-B03D-066C8A25CA8E}.Release|Any CPU.ActiveCfg = Release|Any CPU
		{DAA9D639-B2ED-4C7A-B03D-066C8A25CA8E}.Release|Any CPU.Build.0 = Release|Any CPU
	EndGlobalSection
	GlobalSection(SolutionProperties) = preSolution
		HideSolutionNode = FALSE
	EndGlobalSection
	GlobalSection(ExtensibilityGlobals) = postSolution
		SolutionGuid = {325A1FBC-91D5-4096-AF6A-89146C9DD7C4}
	EndGlobalSection
EndGlobal
